
Microsoft Visual Studio Solution File, Format Version 12.00
# Visual Studio 14
VisualStudioVersion = 14.0.25420.1
MinimumVisualStudioVersion = 10.0.40219.1
Project("{FAE04EC0-301F-11D3-BF4B-00C04F79EFBC}") = "Tournaments.Presentation", "Tournaments.Presentation\Tournaments.Presentation.csproj", "{9228EEE4-25D2-46D8-868A-022B4B67560F}"
EndProject
Project("{FAE04EC0-301F-11D3-BF4B-00C04F79EFBC}") = "Tournaments.Data", "Tournaments.Data\Tournaments.Data.csproj", "{4674EE73-F879-4DC3-A8BD-39AB3B1D74D3}"
EndProject
Project("{FAE04EC0-301F-11D3-BF4B-00C04F79EFBC}") = "Tournaments.Domain", "Tournaments.Domain\Tournaments.Domain.csproj", "{A329F018-2345-4066-9F70-E634B75F0110}"
EndProject
Global
	GlobalSection(SolutionConfigurationPlatforms) = preSolution
		Debug|Any CPU = Debug|Any CPU
		Release|Any CPU = Release|Any CPU
	EndGlobalSection
	GlobalSection(ProjectConfigurationPlatforms) = postSolution
		{9228EEE4-25D2-46D8-868A-022B4B67560F}.Debug|Any CPU.ActiveCfg = Debug|Any CPU
		{9228EEE4-25D2-46D8-868A-022B4B67560F}.Debug|Any CPU.Build.0 = Debug|Any CPU
		{9228EEE4-25D2-46D8-868A-022B4B67560F}.Release|Any CPU.ActiveCfg = Release|Any CPU
		{9228EEE4-25D2-46D8-868A-022B4B67560F}.Release|Any CPU.Build.0 = Release|Any CPU
		{4674EE73-F879-4DC3-A8BD-39AB3B1D74D3}.Debug|Any CPU.ActiveCfg = Debug|Any CPU
		{4674EE73-F879-4DC3-A8BD-39AB3B1D74D3}.Debug|Any CPU.Build.0 = Debug|Any CPU
		{4674EE73-F879-4DC3-A8BD-39AB3B1D74D3}.Release|Any CPU.ActiveCfg = Release|Any CPU
		{4674EE73-F879-4DC3-A8BD-39AB3B1D74D3}.Release|Any CPU.Build.0 = Release|Any CPU
		{A329F018-2345-4066-9F70-E634B75F0110}.Debug|Any CPU.ActiveCfg = Debug|Any CPU
		{A329F018-2345-4066-9F70-E634B75F0110}.Debug|Any CPU.Build.0 = Debug|Any CPU
		{A329F018-2345-4066-9F70-E634B75F0110}.Release|Any CPU.ActiveCfg = Release|Any CPU
		{A329F018-2345-4066-9F70-E634B75F0110}.Release|Any CPU.Build.0 = Release|Any CPU
	EndGlobalSection
	GlobalSection(SolutionProperties) = preSolution
		HideSolutionNode = FALSE
	EndGlobalSection
EndGlobal
